
Microsoft Visual Studio Solution File, Format Version 12.00
# Visual Studio 14
VisualStudioVersion = 14.0.25420.1
MinimumVisualStudioVersion = 10.0.40219.1
Project("{FAE04EC0-301F-11D3-BF4B-00C04F79EFBC}") = "TrustPilot", "TrustPilot\TrustPilot.csproj", "{38AA967E-6144-4FBC-965D-471E1C5303C3}"
EndProject
Project("{FAE04EC0-301F-11D3-BF4B-00C04F79EFBC}") = "UnitTests", "UnitTests\UnitTests.csproj", "{95C596BA-F133-400F-A661-DA38EA9349A0}"
EndProject
Project("{FAE04EC0-301F-11D3-BF4B-00C04F79EFBC}") = "Analysis", "Analysis\Analysis.csproj", "{D81D8067-6D61-4C0B-B4DC-57E38774AFE2}"
EndProject
Global
	GlobalSection(SolutionConfigurationPlatforms) = preSolution
		Debug|Any CPU = Debug|Any CPU
		Release|Any CPU = Release|Any CPU
	EndGlobalSection
	GlobalSection(ProjectConfigurationPlatforms) = postSolution
		{38AA967E-6144-4FBC-965D-471E1C5303C3}.Debug|Any CPU.ActiveCfg = Debug|Any CPU
		{38AA967E-6144-4FBC-965D-471E1C5303C3}.Debug|Any CPU.Build.0 = Debug|Any CPU
		{38AA967E-6144-4FBC-965D-471E1C5303C3}.Release|Any CPU.ActiveCfg = Release|Any CPU
		{38AA967E-6144-4FBC-965D-471E1C5303C3}.Release|Any CPU.Build.0 = Release|Any CPU
		{95C596BA-F133-400F-A661-DA38EA9349A0}.Debug|Any CPU.ActiveCfg = Debug|Any CPU
		{95C596BA-F133-400F-A661-DA38EA9349A0}.Debug|Any CPU.Build.0 = Debug|Any CPU
		{95C596BA-F133-400F-A661-DA38EA9349A0}.Release|Any CPU.ActiveCfg = Release|Any CPU
		{95C596BA-F133-400F-A661-DA38EA9349A0}.Release|Any CPU.Build.0 = Release|Any CPU
		{D81D8067-6D61-4C0B-B4DC-57E38774AFE2}.Debug|Any CPU.ActiveCfg = Debug|Any CPU
		{D81D8067-6D61-4C0B-B4DC-57E38774AFE2}.Debug|Any CPU.Build.0 = Debug|Any CPU
		{D81D8067-6D61-4C0B-B4DC-57E38774AFE2}.Release|Any CPU.ActiveCfg = Release|Any CPU
		{D81D8067-6D61-4C0B-B4DC-57E38774AFE2}.Release|Any CPU.Build.0 = Release|Any CPU
	EndGlobalSection
	GlobalSection(SolutionProperties) = preSolution
		HideSolutionNode = FALSE
	EndGlobalSection
EndGlobal
